
Microsoft Visual Studio Solution File, Format Version 12.00
# Visual Studio 15
VisualStudioVersion = 15.0.27428.2002
MinimumVisualStudioVersion = 10.0.40219.1
Project("{FAE04EC0-301F-11D3-BF4B-00C04F79EFBC}") = "Question2", "Question2\Question2.csproj", "{630ABA4B-4E77-45DD-8870-D65B6B45858C}"
EndProject
Global
	GlobalSection(SolutionConfigurationPlatforms) = preSolution
		Debug|Any CPU = Debug|Any CPU
		Release|Any CPU = Release|Any CPU
	EndGlobalSection
	GlobalSection(ProjectConfigurationPlatforms) = postSolution
		{630ABA4B-4E77-45DD-8870-D65B6B45858C}.Debug|Any CPU.ActiveCfg = Debug|Any CPU
		{630ABA4B-4E77-45DD-8870-D65B6B45858C}.Debug|Any CPU.Build.0 = Debug|Any CPU
		{630ABA4B-4E77-45DD-8870-D65B6B45858C}.Release|Any CPU.ActiveCfg = Release|Any CPU
		{630ABA4B-4E77-45DD-8870-D65B6B45858C}.Release|Any CPU.Build.0 = Release|Any CPU
	EndGlobalSection
	GlobalSection(SolutionProperties) = preSolution
		HideSolutionNode = FALSE
	EndGlobalSection
	GlobalSection(ExtensibilityGlobals) = postSolution
		SolutionGuid = {552EA88A-AFEC-49AD-862B-092739E726A7}
	EndGlobalSection
EndGlobal
